// !$*UTF8*$!
{
	archiveVersion = 1;
	classes = {
	};
	objectVersion = 50;
	objects = {

/* Begin PBXBuildFile section */
		26D4D5BB2161EEE300A90CD7 /* AppDelegate.swift in Sources */ = {isa = PBXBuildFile; fileRef = 26D4D5BA2161EEE300A90CD7 /* AppDelegate.swift */; };
		26D4D5BD2161EEE300A90CD7 /* TodoListViewController.swift in Sources */ = {isa = PBXBuildFile; fileRef = 26D4D5BC2161EEE300A90CD7 /* TodoListViewController.swift */; };
		26D4D5C02161EEE300A90CD7 /* Main.storyboard in Resources */ = {isa = PBXBuildFile; fileRef = 26D4D5BE2161EEE300A90CD7 /* Main.storyboard */; };
		26D4D5C22161EEE400A90CD7 /* Assets.xcassets in Resources */ = {isa = PBXBuildFile; fileRef = 26D4D5C12161EEE400A90CD7 /* Assets.xcassets */; };
		26D4D5C52161EEE400A90CD7 /* LaunchScreen.storyboard in Resources */ = {isa = PBXBuildFile; fileRef = 26D4D5C32161EEE400A90CD7 /* LaunchScreen.storyboard */; };
		26D4D5FB217EEB2E00A90CD7 /* CategoryViewController.swift in Sources */ = {isa = PBXBuildFile; fileRef = 26D4D5FA217EEB2E00A90CD7 /* CategoryViewController.swift */; };
		26FF3049218828110060936B /* Data.swift in Sources */ = {isa = PBXBuildFile; fileRef = 26FF3048218828110060936B /* Data.swift */; };
		26FF304B2189729E0060936B /* Item.swift in Sources */ = {isa = PBXBuildFile; fileRef = 26FF304A2189729E0060936B /* Item.swift */; };
		26FF304D2189734B0060936B /* Category.swift in Sources */ = {isa = PBXBuildFile; fileRef = 26FF304C2189734B0060936B /* Category.swift */; };
		6BFDD5DA533F5E77F459893B /* Pods_ToDoList.framework in Frameworks */ = {isa = PBXBuildFile; fileRef = 23F3D798C5E8CFC68CE15482 /* Pods_ToDoList.framework */; };
/* End PBXBuildFile section */

/* Begin PBXFileReference section */
		23F3D798C5E8CFC68CE15482 /* Pods_ToDoList.framework */ = {isa = PBXFileReference; explicitFileType = wrapper.framework; includeInIndex = 0; path = Pods_ToDoList.framework; sourceTree = BUILT_PRODUCTS_DIR; };
		26D4D5B72161EEE300A90CD7 /* ToDoList.app */ = {isa = PBXFileReference; explicitFileType = wrapper.application; includeInIndex = 0; path = ToDoList.app; sourceTree = BUILT_PRODUCTS_DIR; };
		26D4D5BA2161EEE300A90CD7 /* AppDelegate.swift */ = {isa = PBXFileReference; lastKnownFileType = sourcecode.swift; path = AppDelegate.swift; sourceTree = "<group>"; };
		26D4D5BC2161EEE300A90CD7 /* TodoListViewController.swift */ = {isa = PBXFileReference; lastKnownFileType = sourcecode.swift; path = TodoListViewController.swift; sourceTree = "<group>"; };
		26D4D5BF2161EEE300A90CD7 /* Base */ = {isa = PBXFileReference; lastKnownFileType = file.storyboard; name = Base; path = Base.lproj/Main.storyboard; sourceTree = "<group>"; };
		26D4D5C12161EEE400A90CD7 /* Assets.xcassets */ = {isa = PBXFileReference; lastKnownFileType = folder.assetcatalog; path = Assets.xcassets; sourceTree = "<group>"; };
		26D4D5C42161EEE400A90CD7 /* Base */ = {isa = PBXFileReference; lastKnownFileType = file.storyboard; name = Base; path = Base.lproj/LaunchScreen.storyboard; sourceTree = "<group>"; };
		26D4D5C62161EEE400A90CD7 /* Info.plist */ = {isa = PBXFileReference; lastKnownFileType = text.plist.xml; path = Info.plist; sourceTree = "<group>"; };
		26D4D5FA217EEB2E00A90CD7 /* CategoryViewController.swift */ = {isa = PBXFileReference; lastKnownFileType = sourcecode.swift; path = CategoryViewController.swift; sourceTree = "<group>"; };
		26FF3048218828110060936B /* Data.swift */ = {isa = PBXFileReference; lastKnownFileType = sourcecode.swift; path = Data.swift; sourceTree = "<group>"; };
		26FF304A2189729E0060936B /* Item.swift */ = {isa = PBXFileReference; lastKnownFileType = sourcecode.swift; path = Item.swift; sourceTree = "<group>"; };
		26FF304C2189734B0060936B /* Category.swift */ = {isa = PBXFileReference; lastKnownFileType = sourcecode.swift; path = Category.swift; sourceTree = "<group>"; };
		C3AA6948BA9C7780EFC091E1 /* Pods-ToDoList.debug.xcconfig */ = {isa = PBXFileReference; includeInIndex = 1; lastKnownFileType = text.xcconfig; name = "Pods-ToDoList.debug.xcconfig"; path = "Pods/Target Support Files/Pods-ToDoList/Pods-ToDoList.debug.xcconfig"; sourceTree = "<group>"; };
		FDF46B4242ED7FA7E9EA0E37 /* Pods-ToDoList.release.xcconfig */ = {isa = PBXFileReference; includeInIndex = 1; lastKnownFileType = text.xcconfig; name = "Pods-ToDoList.release.xcconfig"; path = "Pods/Target Support Files/Pods-ToDoList/Pods-ToDoList.release.xcconfig"; sourceTree = "<group>"; };
/* End PBXFileReference section */

/* Begin PBXFrameworksBuildPhase section */
		26D4D5B42161EEE300A90CD7 /* Frameworks */ = {
			isa = PBXFrameworksBuildPhase;
			buildActionMask = 2147483647;
			files = (
				6BFDD5DA533F5E77F459893B /* Pods_ToDoList.framework in Frameworks */,
			);
			runOnlyForDeploymentPostprocessing = 0;
		};
/* End PBXFrameworksBuildPhase section */

/* Begin PBXGroup section */
		26D4D5AE2161EEE300A90CD7 = {
			isa = PBXGroup;
			children = (
				26D4D5B92161EEE300A90CD7 /* ToDoList */,
				26D4D5B82161EEE300A90CD7 /* Products */,
				BA82F6A8AA4916040BEFDB72 /* Pods */,
				4840223BCD2AA6706ED75C34 /* Frameworks */,
			);
			sourceTree = "<group>";
		};
		26D4D5B82161EEE300A90CD7 /* Products */ = {
			isa = PBXGroup;
			children = (
				26D4D5B72161EEE300A90CD7 /* ToDoList.app */,
			);
			name = Products;
			sourceTree = "<group>";
		};
		26D4D5B92161EEE300A90CD7 /* ToDoList */ = {
			isa = PBXGroup;
			children = (
				26D4D5BA2161EEE300A90CD7 /* AppDelegate.swift */,
				26FF3048218828110060936B /* Data.swift */,
				26D4D5C62161EEE400A90CD7 /* Info.plist */,
				26D4D5D3216B22A200A90CD7 /* Controllers */,
				26D4D5D4216B22B000A90CD7 /* View */,
				26D4D5D5216B22C700A90CD7 /* Supporting Files */,
				26D4D5D2216B225800A90CD7 /* Data Model */,
			);
			path = ToDoList;
			sourceTree = "<group>";
		};
		26D4D5D2216B225800A90CD7 /* Data Model */ = {
			isa = PBXGroup;
			children = (
				26FF304C2189734B0060936B /* Category.swift */,
				26FF304A2189729E0060936B /* Item.swift */,
			);
			path = "Data Model";
			sourceTree = "<group>";
		};
		26D4D5D3216B22A200A90CD7 /* Controllers */ = {
			isa = PBXGroup;
			children = (
				26D4D5FA217EEB2E00A90CD7 /* CategoryViewController.swift */,
				26D4D5BC2161EEE300A90CD7 /* TodoListViewController.swift */,
			);
			path = Controllers;
			sourceTree = "<group>";
		};
		26D4D5D4216B22B000A90CD7 /* View */ = {
			isa = PBXGroup;
			children = (
				26D4D5BE2161EEE300A90CD7 /* Main.storyboard */,
			);
			path = View;
			sourceTree = "<group>";
		};
		26D4D5D5216B22C700A90CD7 /* Supporting Files */ = {
			isa = PBXGroup;
			children = (
				26D4D5C12161EEE400A90CD7 /* Assets.xcassets */,
				26D4D5C32161EEE400A90CD7 /* LaunchScreen.storyboard */,
			);
			path = "Supporting Files";
			sourceTree = "<group>";
		};
		4840223BCD2AA6706ED75C34 /* Frameworks */ = {
			isa = PBXGroup;
			children = (
				23F3D798C5E8CFC68CE15482 /* Pods_ToDoList.framework */,
			);
			name = Frameworks;
			sourceTree = "<group>";
		};
		BA82F6A8AA4916040BEFDB72 /* Pods */ = {
			isa = PBXGroup;
			children = (
				C3AA6948BA9C7780EFC091E1 /* Pods-ToDoList.debug.xcconfig */,
				FDF46B4242ED7FA7E9EA0E37 /* Pods-ToDoList.release.xcconfig */,
			);
			name = Pods;
			sourceTree = "<group>";
		};
/* End PBXGroup section */

/* Begin PBXNativeTarget section */
		26D4D5B62161EEE300A90CD7 /* ToDoList */ = {
			isa = PBXNativeTarget;
			buildConfigurationList = 26D4D5C92161EEE400A90CD7 /* Build configuration list for PBXNativeTarget "ToDoList" */;
			buildPhases = (
				C5DE126FEC0AC8E2C5A394F6 /* [CP] Check Pods Manifest.lock */,
				26D4D5B32161EEE300A90CD7 /* Sources */,
				26D4D5B42161EEE300A90CD7 /* Frameworks */,
				26D4D5B52161EEE300A90CD7 /* Resources */,
				50F50664552E9875A5E5F2E9 /* [CP] Embed Pods Frameworks */,
			);
			buildRules = (
			);
			dependencies = (
			);
			name = ToDoList;
			productName = ToDoList;
			productReference = 26D4D5B72161EEE300A90CD7 /* ToDoList.app */;
			productType = "com.apple.product-type.application";
		};
/* End PBXNativeTarget section */

/* Begin PBXProject section */
		26D4D5AF2161EEE300A90CD7 /* Project object */ = {
			isa = PBXProject;
			attributes = {
				LastSwiftUpdateCheck = 0940;
				LastUpgradeCheck = 0940;
				ORGANIZATIONNAME = LillyC;
				TargetAttributes = {
					26D4D5B62161EEE300A90CD7 = {
						CreatedOnToolsVersion = 9.4.1;
					};
				};
			};
			buildConfigurationList = 26D4D5B22161EEE300A90CD7 /* Build configuration list for PBXProject "ToDoList" */;
			compatibilityVersion = "Xcode 9.3";
			developmentRegion = en;
			hasScannedForEncodings = 0;
			knownRegions = (
				en,
				Base,
			);
			mainGroup = 26D4D5AE2161EEE300A90CD7;
			productRefGroup = 26D4D5B82161EEE300A90CD7 /* Products */;
			projectDirPath = "";
			projectRoot = "";
			targets = (
				26D4D5B62161EEE300A90CD7 /* ToDoList */,
			);
		};
/* End PBXProject section */

/* Begin PBXResourcesBuildPhase section */
		26D4D5B52161EEE300A90CD7 /* Resources */ = {
			isa = PBXResourcesBuildPhase;
			buildActionMask = 2147483647;
			files = (
				26D4D5C52161EEE400A90CD7 /* LaunchScreen.storyboard in Resources */,
				26D4D5C22161EEE400A90CD7 /* Assets.xcassets in Resources */,
				26D4D5C02161EEE300A90CD7 /* Main.storyboard in Resources */,
			);
			runOnlyForDeploymentPostprocessing = 0;
		};
/* End PBXResourcesBuildPhase section */

/* Begin PBXShellScriptBuildPhase section */
		50F50664552E9875A5E5F2E9 /* [CP] Embed Pods Frameworks */ = {
			isa = PBXShellScriptBuildPhase;
			buildActionMask = 2147483647;
			files = (
			);
			inputPaths = (
				"${SRCROOT}/Pods/Target Support Files/Pods-ToDoList/Pods-ToDoList-frameworks.sh",
				"${BUILT_PRODUCTS_DIR}/Realm/Realm.framework",
				"${BUILT_PRODUCTS_DIR}/RealmSwift/RealmSwift.framework",
			);
			name = "[CP] Embed Pods Frameworks";
			outputPaths = (
				"${TARGET_BUILD_DIR}/${FRAMEWORKS_FOLDER_PATH}/Realm.framework",
				"${TARGET_BUILD_DIR}/${FRAMEWORKS_FOLDER_PATH}/RealmSwift.framework",
			);
			runOnlyForDeploymentPostprocessing = 0;
			shellPath = /bin/sh;
			shellScript = "\"${SRCROOT}/Pods/Target Support Files/Pods-ToDoList/Pods-ToDoList-frameworks.sh\"\n";
			showEnvVarsInLog = 0;
		};
		C5DE126FEC0AC8E2C5A394F6 /* [CP] Check Pods Manifest.lock */ = {
			isa = PBXShellScriptBuildPhase;
			buildActionMask = 2147483647;
			files = (
			);
			inputPaths = (
				"${PODS_PODFILE_DIR_PATH}/Podfile.lock",
				"${PODS_ROOT}/Manifest.lock",
			);
			name = "[CP] Check Pods Manifest.lock";
			outputPaths = (
				"$(DERIVED_FILE_DIR)/Pods-ToDoList-checkManifestLockResult.txt",
			);
			runOnlyForDeploymentPostprocessing = 0;
			shellPath = /bin/sh;
			shellScript = "diff \"${PODS_PODFILE_DIR_PATH}/Podfile.lock\" \"${PODS_ROOT}/Manifest.lock\" > /dev/null\nif [ $? != 0 ] ; then\n    # print error to STDERR\n    echo \"error: The sandbox is not in sync with the Podfile.lock. Run 'pod install' or update your CocoaPods installation.\" >&2\n    exit 1\nfi\n# This output is used by Xcode 'outputs' to avoid re-running this script phase.\necho \"SUCCESS\" > \"${SCRIPT_OUTPUT_FILE_0}\"\n";
			showEnvVarsInLog = 0;
		};
/* End PBXShellScriptBuildPhase section */

/* Begin PBXSourcesBuildPhase section */
		26D4D5B32161EEE300A90CD7 /* Sources */ = {
			isa = PBXSourcesBuildPhase;
			buildActionMask = 2147483647;
			files = (
				26FF3049218828110060936B /* Data.swift in Sources */,
				26D4D5FB217EEB2E00A90CD7 /* CategoryViewController.swift in Sources */,
				26D4D5BD2161EEE300A90CD7 /* TodoListViewController.swift in Sources */,
				26FF304B2189729E0060936B /* Item.swift in Sources */,
				26D4D5BB2161EEE300A90CD7 /* AppDelegate.swift in Sources */,
				26FF304D2189734B0060936B /* Category.swift in Sources */,
			);
			runOnlyForDeploymentPostprocessing = 0;
		};
/* End PBXSourcesBuildPhase section */

/* Begin PBXVariantGroup section */
		26D4D5BE2161EEE300A90CD7 /* Main.storyboard */ = {
			isa = PBXVariantGroup;
			children = (
				26D4D5BF2161EEE300A90CD7 /* Base */,
			);
			name = Main.storyboard;
			sourceTree = "<group>";
		};
		26D4D5C32161EEE400A90CD7 /* LaunchScreen.storyboard */ = {
			isa = PBXVariantGroup;
			children = (
				26D4D5C42161EEE400A90CD7 /* Base */,
			);
			name = LaunchScreen.storyboard;
			sourceTree = "<group>";
		};
/* End PBXVariantGroup section */

/* Begin XCBuildConfiguration section */
		26D4D5C72161EEE400A90CD7 /* Debug */ = {
			isa = XCBuildConfiguration;
			buildSettings = {
				ALWAYS_SEARCH_USER_PATHS = NO;
				CLANG_ANALYZER_NONNULL = YES;
				CLANG_ANALYZER_NUMBER_OBJECT_CONVERSION = YES_AGGRESSIVE;
				CLANG_CXX_LANGUAGE_STANDARD = "gnu++14";
				CLANG_CXX_LIBRARY = "libc++";
				CLANG_ENABLE_MODULES = YES;
				CLANG_ENABLE_OBJC_ARC = YES;
				CLANG_ENABLE_OBJC_WEAK = YES;
				CLANG_WARN_BLOCK_CAPTURE_AUTORELEASING = YES;
				CLANG_WARN_BOOL_CONVERSION = YES;
				CLANG_WARN_COMMA = YES;
				CLANG_WARN_CONSTANT_CONVERSION = YES;
				CLANG_WARN_DEPRECATED_OBJC_IMPLEMENTATIONS = YES;
				CLANG_WARN_DIRECT_OBJC_ISA_USAGE = YES_ERROR;
				CLANG_WARN_DOCUMENTATION_COMMENTS = YES;
				CLANG_WARN_EMPTY_BODY = YES;
				CLANG_WARN_ENUM_CONVERSION = YES;
				CLANG_WARN_INFINITE_RECURSION = YES;
				CLANG_WARN_INT_CONVERSION = YES;
				CLANG_WARN_NON_LITERAL_NULL_CONVERSION = YES;
				CLANG_WARN_OBJC_IMPLICIT_RETAIN_SELF = YES;
				CLANG_WARN_OBJC_LITERAL_CONVERSION = YES;
				CLANG_WARN_OBJC_ROOT_CLASS = YES_ERROR;
				CLANG_WARN_RANGE_LOOP_ANALYSIS = YES;
				CLANG_WARN_STRICT_PROTOTYPES = YES;
				CLANG_WARN_SUSPICIOUS_MOVE = YES;
				CLANG_WARN_UNGUARDED_AVAILABILITY = YES_AGGRESSIVE;
				CLANG_WARN_UNREACHABLE_CODE = YES;
				CLANG_WARN__DUPLICATE_METHOD_MATCH = YES;
				CODE_SIGN_IDENTITY = "iPhone Developer";
				COPY_PHASE_STRIP = NO;
				DEBUG_INFORMATION_FORMAT = dwarf;
				ENABLE_STRICT_OBJC_MSGSEND = YES;
				ENABLE_TESTABILITY = YES;
				GCC_C_LANGUAGE_STANDARD = gnu11;
				GCC_DYNAMIC_NO_PIC = NO;
				GCC_NO_COMMON_BLOCKS = YES;
				GCC_OPTIMIZATION_LEVEL = 0;
				GCC_PREPROCESSOR_DEFINITIONS = (
					"DEBUG=1",
					"$(inherited)",
				);
				GCC_WARN_64_TO_32_BIT_CONVERSION = YES;
				GCC_WARN_ABOUT_RETURN_TYPE = YES_ERROR;
				GCC_WARN_UNDECLARED_SELECTOR = YES;
				GCC_WARN_UNINITIALIZED_AUTOS = YES_AGGRESSIVE;
				GCC_WARN_UNUSED_FUNCTION = YES;
				GCC_WARN_UNUSED_VARIABLE = YES;
				IPHONEOS_DEPLOYMENT_TARGET = 11.4;
				MTL_ENABLE_DEBUG_INFO = YES;
				ONLY_ACTIVE_ARCH = YES;
				SDKROOT = iphoneos;
				SWIFT_ACTIVE_COMPILATION_CONDITIONS = DEBUG;
				SWIFT_OPTIMIZATION_LEVEL = "-Onone";
			};
			name = Debug;
		};
		26D4D5C82161EEE400A90CD7 /* Release */ = {
			isa = XCBuildConfiguration;
			buildSettings = {
				ALWAYS_SEARCH_USER_PATHS = NO;
				CLANG_ANALYZER_NONNULL = YES;
				CLANG_ANALYZER_NUMBER_OBJECT_CONVERSION = YES_AGGRESSIVE;
				CLANG_CXX_LANGUAGE_STANDARD = "gnu++14";
				CLANG_CXX_LIBRARY = "libc++";
				CLANG_ENABLE_MODULES = YES;
				CLANG_ENABLE_OBJC_ARC = YES;
				CLANG_ENABLE_OBJC_WEAK = YES;
				CLANG_WARN_BLOCK_CAPTURE_AUTORELEASING = YES;
				CLANG_WARN_BOOL_CONVERSION = YES;
				CLANG_WARN_COMMA = YES;
				CLANG_WARN_CONSTANT_CONVERSION = YES;
				CLANG_WARN_DEPRECATED_OBJC_IMPLEMENTATIONS = YES;
				CLANG_WARN_DIRECT_OBJC_ISA_USAGE = YES_ERROR;
				CLANG_WARN_DOCUMENTATION_COMMENTS = YES;
				CLANG_WARN_EMPTY_BODY = YES;
				CLANG_WARN_ENUM_CONVERSION = YES;
				CLANG_WARN_INFINITE_RECURSION = YES;
				CLANG_WARN_INT_CONVERSION = YES;
				CLANG_WARN_NON_LITERAL_NULL_CONVERSION = YES;
				CLANG_WARN_OBJC_IMPLICIT_RETAIN_SELF = YES;
				CLANG_WARN_OBJC_LITERAL_CONVERSION = YES;
				CLANG_WARN_OBJC_ROOT_CLASS = YES_ERROR;
				CLANG_WARN_RANGE_LOOP_ANALYSIS = YES;
				CLANG_WARN_STRICT_PROTOTYPES = YES;
				CLANG_WARN_SUSPICIOUS_MOVE = YES;
				CLANG_WARN_UNGUARDED_AVAILABILITY = YES_AGGRESSIVE;
				CLANG_WARN_UNREACHABLE_CODE = YES;
				CLANG_WARN__DUPLICATE_METHOD_MATCH = YES;
				CODE_SIGN_IDENTITY = "iPhone Developer";
				COPY_PHASE_STRIP = NO;
				DEBUG_INFORMATION_FORMAT = "dwarf-with-dsym";
				ENABLE_NS_ASSERTIONS = NO;
				ENABLE_STRICT_OBJC_MSGSEND = YES;
				GCC_C_LANGUAGE_STANDARD = gnu11;
				GCC_NO_COMMON_BLOCKS = YES;
				GCC_WARN_64_TO_32_BIT_CONVERSION = YES;
				GCC_WARN_ABOUT_RETURN_TYPE = YES_ERROR;
				GCC_WARN_UNDECLARED_SELECTOR = YES;
				GCC_WARN_UNINITIALIZED_AUTOS = YES_AGGRESSIVE;
				GCC_WARN_UNUSED_FUNCTION = YES;
				GCC_WARN_UNUSED_VARIABLE = YES;
				IPHONEOS_DEPLOYMENT_TARGET = 11.4;
				MTL_ENABLE_DEBUG_INFO = NO;
				SDKROOT = iphoneos;
				SWIFT_COMPILATION_MODE = wholemodule;
				SWIFT_OPTIMIZATION_LEVEL = "-O";
				VALIDATE_PRODUCT = YES;
			};
			name = Release;
		};
		26D4D5CA2161EEE400A90CD7 /* Debug */ = {
			isa = XCBuildConfiguration;
			baseConfigurationReference = C3AA6948BA9C7780EFC091E1 /* Pods-ToDoList.debug.xcconfig */;
			buildSettings = {
				ASSETCATALOG_COMPILER_APPICON_NAME = AppIcon;
				CODE_SIGN_STYLE = Automatic;
				DEVELOPMENT_TEAM = LKCP8E6EYN;
				INFOPLIST_FILE = ToDoList/Info.plist;
				LD_RUNPATH_SEARCH_PATHS = (
					"$(inherited)",
					"@executable_path/Frameworks",
				);
				PRODUCT_BUNDLE_IDENTIFIER = self.edu.LillyCong.ToDoey;
				PRODUCT_NAME = "$(TARGET_NAME)";
				SWIFT_VERSION = 4.0;
				TARGETED_DEVICE_FAMILY = "1,2";
			};
			name = Debug;
		};
		26D4D5CB2161EEE400A90CD7 /* Release */ = {
			isa = XCBuildConfiguration;
			baseConfigurationReference = FDF46B4242ED7FA7E9EA0E37 /* Pods-ToDoList.release.xcconfig */;
			buildSettings = {
				ASSETCATALOG_COMPILER_APPICON_NAME = AppIcon;
				CODE_SIGN_STYLE = Automatic;
				DEVELOPMENT_TEAM = LKCP8E6EYN;
				INFOPLIST_FILE = ToDoList/Info.plist;
				LD_RUNPATH_SEARCH_PATHS = (
					"$(inherited)",
					"@executable_path/Frameworks",
				);
				PRODUCT_BUNDLE_IDENTIFIER = self.edu.LillyCong.ToDoey;
				PRODUCT_NAME = "$(TARGET_NAME)";
				SWIFT_VERSION = 4.0;
				TARGETED_DEVICE_FAMILY = "1,2";
			};
			name = Release;
		};
/* End XCBuildConfiguration section */

/* Begin XCConfigurationList section */
		26D4D5B22161EEE300A90CD7 /* Build configuration list for PBXProject "ToDoList" */ = {
			isa = XCConfigurationList;
			buildConfigurations = (
				26D4D5C72161EEE400A90CD7 /* Debug */,
				26D4D5C82161EEE400A90CD7 /* Release */,
			);
			defaultConfigurationIsVisible = 0;
			defaultConfigurationName = Release;
		};
		26D4D5C92161EEE400A90CD7 /* Build configuration list for PBXNativeTarget "ToDoList" */ = {
			isa = XCConfigurationList;
			buildConfigurations = (
				26D4D5CA2161EEE400A90CD7 /* Debug */,
				26D4D5CB2161EEE400A90CD7 /* Release */,
			);
			defaultConfigurationIsVisible = 0;
			defaultConfigurationName = Release;
		};
/* End XCConfigurationList section */
	};
	rootObject = 26D4D5AF2161EEE300A90CD7 /* Project object */;
}
